// !$*UTF8*$!
{
	archiveVersion = 1;
	classes = {
	};
	objectVersion = 46;
	objects = {

/* Begin PBXBuildFile section */
		617197281E75C3C8005B3E75 /* AppDelegate.swift in Sources */ = {isa = PBXBuildFile; fileRef = 617197271E75C3C8005B3E75 /* AppDelegate.swift */; };
		6171972A1E75C3C8005B3E75 /* ViewController.swift in Sources */ = {isa = PBXBuildFile; fileRef = 617197291E75C3C8005B3E75 /* ViewController.swift */; };
		6171972D1E75C3C8005B3E75 /* Main.storyboard in Resources */ = {isa = PBXBuildFile; fileRef = 6171972B1E75C3C8005B3E75 /* Main.storyboard */; };
		6171972F1E75C3C8005B3E75 /* Assets.xcassets in Resources */ = {isa = PBXBuildFile; fileRef = 6171972E1E75C3C8005B3E75 /* Assets.xcassets */; };
		617197321E75C3C8005B3E75 /* LaunchScreen.storyboard in Resources */ = {isa = PBXBuildFile; fileRef = 617197301E75C3C8005B3E75 /* LaunchScreen.storyboard */; };
		6171973D1E75C3C8005B3E75 /* instagramTests.swift in Sources */ = {isa = PBXBuildFile; fileRef = 6171973C1E75C3C8005B3E75 /* instagramTests.swift */; };
		617197481E75C3C8005B3E75 /* instagramUITests.swift in Sources */ = {isa = PBXBuildFile; fileRef = 617197471E75C3C8005B3E75 /* instagramUITests.swift */; };
/* End PBXBuildFile section */

/* Begin PBXContainerItemProxy section */
		617197391E75C3C8005B3E75 /* PBXContainerItemProxy */ = {
			isa = PBXContainerItemProxy;
			containerPortal = 6171971C1E75C3C8005B3E75 /* Project object */;
			proxyType = 1;
			remoteGlobalIDString = 617197231E75C3C8005B3E75;
			remoteInfo = instagram;
		};
		617197441E75C3C8005B3E75 /* PBXContainerItemProxy */ = {
			isa = PBXContainerItemProxy;
			containerPortal = 6171971C1E75C3C8005B3E75 /* Project object */;
			proxyType = 1;
			remoteGlobalIDString = 617197231E75C3C8005B3E75;
			remoteInfo = instagram;
		};
/* End PBXContainerItemProxy section */

/* Begin PBXFileReference section */
		617197241E75C3C8005B3E75 /* instagram.app */ = {isa = PBXFileReference; explicitFileType = wrapper.application; includeInIndex = 0; path = instagram.app; sourceTree = BUILT_PRODUCTS_DIR; };
		617197271E75C3C8005B3E75 /* AppDelegate.swift */ = {isa = PBXFileReference; lastKnownFileType = sourcecode.swift; path = AppDelegate.swift; sourceTree = "<group>"; };
		617197291E75C3C8005B3E75 /* ViewController.swift */ = {isa = PBXFileReference; lastKnownFileType = sourcecode.swift; path = ViewController.swift; sourceTree = "<group>"; };
		6171972C1E75C3C8005B3E75 /* Base */ = {isa = PBXFileReference; lastKnownFileType = file.storyboard; name = Base; path = Base.lproj/Main.storyboard; sourceTree = "<group>"; };
		6171972E1E75C3C8005B3E75 /* Assets.xcassets */ = {isa = PBXFileReference; lastKnownFileType = folder.assetcatalog; path = Assets.xcassets; sourceTree = "<group>"; };
		617197311E75C3C8005B3E75 /* Base */ = {isa = PBXFileReference; lastKnownFileType = file.storyboard; name = Base; path = Base.lproj/LaunchScreen.storyboard; sourceTree = "<group>"; };
		617197331E75C3C8005B3E75 /* Info.plist */ = {isa = PBXFileReference; lastKnownFileType = text.plist.xml; path = Info.plist; sourceTree = "<group>"; };
		617197381E75C3C8005B3E75 /* instagramTests.xctest */ = {isa = PBXFileReference; explicitFileType = wrapper.cfbundle; includeInIndex = 0; path = instagramTests.xctest; sourceTree = BUILT_PRODUCTS_DIR; };
		6171973C1E75C3C8005B3E75 /* instagramTests.swift */ = {isa = PBXFileReference; lastKnownFileType = sourcecode.swift; path = instagramTests.swift; sourceTree = "<group>"; };
		6171973E1E75C3C8005B3E75 /* Info.plist */ = {isa = PBXFileReference; lastKnownFileType = text.plist.xml; path = Info.plist; sourceTree = "<group>"; };
		617197431E75C3C8005B3E75 /* instagramUITests.xctest */ = {isa = PBXFileReference; explicitFileType = wrapper.cfbundle; includeInIndex = 0; path = instagramUITests.xctest; sourceTree = BUILT_PRODUCTS_DIR; };
		617197471E75C3C8005B3E75 /* instagramUITests.swift */ = {isa = PBXFileReference; lastKnownFileType = sourcecode.swift; path = instagramUITests.swift; sourceTree = "<group>"; };
		617197491E75C3C8005B3E75 /* Info.plist */ = {isa = PBXFileReference; lastKnownFileType = text.plist.xml; path = Info.plist; sourceTree = "<group>"; };
/* End PBXFileReference section */

/* Begin PBXFrameworksBuildPhase section */
		617197211E75C3C8005B3E75 /* Frameworks */ = {
			isa = PBXFrameworksBuildPhase;
			buildActionMask = 2147483647;
			files = (
			);
			runOnlyForDeploymentPostprocessing = 0;
		};
		617197351E75C3C8005B3E75 /* Frameworks */ = {
			isa = PBXFrameworksBuildPhase;
			buildActionMask = 2147483647;
			files = (
			);
			runOnlyForDeploymentPostprocessing = 0;
		};
		617197401E75C3C8005B3E75 /* Frameworks */ = {
			isa = PBXFrameworksBuildPhase;
			buildActionMask = 2147483647;
			files = (
			);
			runOnlyForDeploymentPostprocessing = 0;
		};
/* End PBXFrameworksBuildPhase section */

/* Begin PBXGroup section */
		6171971B1E75C3C8005B3E75 = {
			isa = PBXGroup;
			children = (
				617197261E75C3C8005B3E75 /* instagram */,
				6171973B1E75C3C8005B3E75 /* instagramTests */,
				617197461E75C3C8005B3E75 /* instagramUITests */,
				617197251E75C3C8005B3E75 /* Products */,
			);
			sourceTree = "<group>";
		};
		617197251E75C3C8005B3E75 /* Products */ = {
			isa = PBXGroup;
			children = (
				617197241E75C3C8005B3E75 /* instagram.app */,
				617197381E75C3C8005B3E75 /* instagramTests.xctest */,
				617197431E75C3C8005B3E75 /* instagramUITests.xctest */,
			);
			name = Products;
			sourceTree = "<group>";
		};
		617197261E75C3C8005B3E75 /* instagram */ = {
			isa = PBXGroup;
			children = (
				617197271E75C3C8005B3E75 /* AppDelegate.swift */,
				617197291E75C3C8005B3E75 /* ViewController.swift */,
				6171972B1E75C3C8005B3E75 /* Main.storyboard */,
				6171972E1E75C3C8005B3E75 /* Assets.xcassets */,
				617197301E75C3C8005B3E75 /* LaunchScreen.storyboard */,
				617197331E75C3C8005B3E75 /* Info.plist */,
			);
			path = instagram;
			sourceTree = "<group>";
		};
		6171973B1E75C3C8005B3E75 /* instagramTests */ = {
			isa = PBXGroup;
			children = (
				6171973C1E75C3C8005B3E75 /* instagramTests.swift */,
				6171973E1E75C3C8005B3E75 /* Info.plist */,
			);
			path = instagramTests;
			sourceTree = "<group>";
		};
		617197461E75C3C8005B3E75 /* instagramUITests */ = {
			isa = PBXGroup;
			children = (
				617197471E75C3C8005B3E75 /* instagramUITests.swift */,
				617197491E75C3C8005B3E75 /* Info.plist */,
			);
			path = instagramUITests;
			sourceTree = "<group>";
		};
/* End PBXGroup section */

/* Begin PBXNativeTarget section */
		617197231E75C3C8005B3E75 /* instagram */ = {
			isa = PBXNativeTarget;
			buildConfigurationList = 6171974C1E75C3C8005B3E75 /* Build configuration list for PBXNativeTarget "instagram" */;
			buildPhases = (
				617197201E75C3C8005B3E75 /* Sources */,
				617197211E75C3C8005B3E75 /* Frameworks */,
				617197221E75C3C8005B3E75 /* Resources */,
			);
			buildRules = (
			);
			dependencies = (
			);
			name = instagram;
			productName = instagram;
			productReference = 617197241E75C3C8005B3E75 /* instagram.app */;
			productType = "com.apple.product-type.application";
		};
		617197371E75C3C8005B3E75 /* instagramTests */ = {
			isa = PBXNativeTarget;
			buildConfigurationList = 6171974F1E75C3C8005B3E75 /* Build configuration list for PBXNativeTarget "instagramTests" */;
			buildPhases = (
				617197341E75C3C8005B3E75 /* Sources */,
				617197351E75C3C8005B3E75 /* Frameworks */,
				617197361E75C3C8005B3E75 /* Resources */,
			);
			buildRules = (
			);
			dependencies = (
				6171973A1E75C3C8005B3E75 /* PBXTargetDependency */,
			);
			name = instagramTests;
			productName = instagramTests;
			productReference = 617197381E75C3C8005B3E75 /* instagramTests.xctest */;
			productType = "com.apple.product-type.bundle.unit-test";
		};
		617197421E75C3C8005B3E75 /* instagramUITests */ = {
			isa = PBXNativeTarget;
			buildConfigurationList = 617197521E75C3C8005B3E75 /* Build configuration list for PBXNativeTarget "instagramUITests" */;
			buildPhases = (
				6171973F1E75C3C8005B3E75 /* Sources */,
				617197401E75C3C8005B3E75 /* Frameworks */,
				617197411E75C3C8005B3E75 /* Resources */,
			);
			buildRules = (
			);
			dependencies = (
				617197451E75C3C8005B3E75 /* PBXTargetDependency */,
			);
			name = instagramUITests;
			productName = instagramUITests;
			productReference = 617197431E75C3C8005B3E75 /* instagramUITests.xctest */;
			productType = "com.apple.product-type.bundle.ui-testing";
		};
/* End PBXNativeTarget section */

/* Begin PBXProject section */
		6171971C1E75C3C8005B3E75 /* Project object */ = {
			isa = PBXProject;
			attributes = {
				LastSwiftUpdateCheck = 0820;
				LastUpgradeCheck = 0820;
				ORGANIZATIONNAME = "Suraj Upreti";
				TargetAttributes = {
					617197231E75C3C8005B3E75 = {
						CreatedOnToolsVersion = 8.2.1;
						ProvisioningStyle = Automatic;
					};
					617197371E75C3C8005B3E75 = {
						CreatedOnToolsVersion = 8.2.1;
						ProvisioningStyle = Automatic;
						TestTargetID = 617197231E75C3C8005B3E75;
					};
					617197421E75C3C8005B3E75 = {
						CreatedOnToolsVersion = 8.2.1;
						ProvisioningStyle = Automatic;
						TestTargetID = 617197231E75C3C8005B3E75;
					};
				};
			};
			buildConfigurationList = 6171971F1E75C3C8005B3E75 /* Build configuration list for PBXProject "instagram" */;
			compatibilityVersion = "Xcode 3.2";
			developmentRegion = English;
			hasScannedForEncodings = 0;
			knownRegions = (
				en,
				Base,
			);
			mainGroup = 6171971B1E75C3C8005B3E75;
			productRefGroup = 617197251E75C3C8005B3E75 /* Products */;
			projectDirPath = "";
			projectRoot = "";
			targets = (
				617197231E75C3C8005B3E75 /* instagram */,
				617197371E75C3C8005B3E75 /* instagramTests */,
				617197421E75C3C8005B3E75 /* instagramUITests */,
			);
		};
/* End PBXProject section */

/* Begin PBXResourcesBuildPhase section */
		617197221E75C3C8005B3E75 /* Resources */ = {
			isa = PBXResourcesBuildPhase;
			buildActionMask = 2147483647;
			files = (
				617197321E75C3C8005B3E75 /* LaunchScreen.storyboard in Resources */,
				6171972F1E75C3C8005B3E75 /* Assets.xcassets in Resources */,
				6171972D1E75C3C8005B3E75 /* Main.storyboard in Resources */,
			);
			runOnlyForDeploymentPostprocessing = 0;
		};
		617197361E75C3C8005B3E75 /* Resources */ = {
			isa = PBXResourcesBuildPhase;
			buildActionMask = 2147483647;
			files = (
			);
			runOnlyForDeploymentPostprocessing = 0;
		};
		617197411E75C3C8005B3E75 /* Resources */ = {
			isa = PBXResourcesBuildPhase;
			buildActionMask = 2147483647;
			files = (
			);
			runOnlyForDeploymentPostprocessing = 0;
		};
/* End PBXResourcesBuildPhase section */

/* Begin PBXSourcesBuildPhase section */
		617197201E75C3C8005B3E75 /* Sources */ = {
			isa = PBXSourcesBuildPhase;
			buildActionMask = 2147483647;
			files = (
				6171972A1E75C3C8005B3E75 /* ViewController.swift in Sources */,
				617197281E75C3C8005B3E75 /* AppDelegate.swift in Sources */,
			);
			runOnlyForDeploymentPostprocessing = 0;
		};
		617197341E75C3C8005B3E75 /* Sources */ = {
			isa = PBXSourcesBuildPhase;
			buildActionMask = 2147483647;
			files = (
				6171973D1E75C3C8005B3E75 /* instagramTests.swift in Sources */,
			);
			runOnlyForDeploymentPostprocessing = 0;
		};
		6171973F1E75C3C8005B3E75 /* Sources */ = {
			isa = PBXSourcesBuildPhase;
			buildActionMask = 2147483647;
			files = (
				617197481E75C3C8005B3E75 /* instagramUITests.swift in Sources */,
			);
			runOnlyForDeploymentPostprocessing = 0;
		};
/* End PBXSourcesBuildPhase section */

/* Begin PBXTargetDependency section */
		6171973A1E75C3C8005B3E75 /* PBXTargetDependency */ = {
			isa = PBXTargetDependency;
			target = 617197231E75C3C8005B3E75 /* instagram */;
			targetProxy = 617197391E75C3C8005B3E75 /* PBXContainerItemProxy */;
		};
		617197451E75C3C8005B3E75 /* PBXTargetDependency */ = {
			isa = PBXTargetDependency;
			target = 617197231E75C3C8005B3E75 /* instagram */;
			targetProxy = 617197441E75C3C8005B3E75 /* PBXContainerItemProxy */;
		};
/* End PBXTargetDependency section */

/* Begin PBXVariantGroup section */
		6171972B1E75C3C8005B3E75 /* Main.storyboard */ = {
			isa = PBXVariantGroup;
			children = (
				6171972C1E75C3C8005B3E75 /* Base */,
			);
			name = Main.storyboard;
			sourceTree = "<group>";
		};
		617197301E75C3C8005B3E75 /* LaunchScreen.storyboard */ = {
			isa = PBXVariantGroup;
			children = (
				617197311E75C3C8005B3E75 /* Base */,
			);
			name = LaunchScreen.storyboard;
			sourceTree = "<group>";
		};
/* End PBXVariantGroup section */

/* Begin XCBuildConfiguration section */
		6171974A1E75C3C8005B3E75 /* Debug */ = {
			isa = XCBuildConfiguration;
			buildSettings = {
				ALWAYS_SEARCH_USER_PATHS = NO;
				CLANG_ANALYZER_NONNULL = YES;
				CLANG_CXX_LANGUAGE_STANDARD = "gnu++0x";
				CLANG_CXX_LIBRARY = "libc++";
				CLANG_ENABLE_MODULES = YES;
				CLANG_ENABLE_OBJC_ARC = YES;
				CLANG_WARN_BOOL_CONVERSION = YES;
				CLANG_WARN_CONSTANT_CONVERSION = YES;
				CLANG_WARN_DIRECT_OBJC_ISA_USAGE = YES_ERROR;
				CLANG_WARN_DOCUMENTATION_COMMENTS = YES;
				CLANG_WARN_EMPTY_BODY = YES;
				CLANG_WARN_ENUM_CONVERSION = YES;
				CLANG_WARN_INFINITE_RECURSION = YES;
				CLANG_WARN_INT_CONVERSION = YES;
				CLANG_WARN_OBJC_ROOT_CLASS = YES_ERROR;
				CLANG_WARN_SUSPICIOUS_MOVE = YES;
				CLANG_WARN_UNREACHABLE_CODE = YES;
				CLANG_WARN__DUPLICATE_METHOD_MATCH = YES;
				"CODE_SIGN_IDENTITY[sdk=iphoneos*]" = "iPhone Developer";
				COPY_PHASE_STRIP = NO;
				DEBUG_INFORMATION_FORMAT = dwarf;
				ENABLE_STRICT_OBJC_MSGSEND = YES;
				ENABLE_TESTABILITY = YES;
				GCC_C_LANGUAGE_STANDARD = gnu99;
				GCC_DYNAMIC_NO_PIC = NO;
				GCC_NO_COMMON_BLOCKS = YES;
				GCC_OPTIMIZATION_LEVEL = 0;
				GCC_PREPROCESSOR_DEFINITIONS = (
					"DEBUG=1",
					"$(inherited)",
				);
				GCC_WARN_64_TO_32_BIT_CONVERSION = YES;
				GCC_WARN_ABOUT_RETURN_TYPE = YES_ERROR;
				GCC_WARN_UNDECLARED_SELECTOR = YES;
				GCC_WARN_UNINITIALIZED_AUTOS = YES_AGGRESSIVE;
				GCC_WARN_UNUSED_FUNCTION = YES;
				GCC_WARN_UNUSED_VARIABLE = YES;
				IPHONEOS_DEPLOYMENT_TARGET = 10.2;
				MTL_ENABLE_DEBUG_INFO = YES;
				ONLY_ACTIVE_ARCH = YES;
				SDKROOT = iphoneos;
				SWIFT_ACTIVE_COMPILATION_CONDITIONS = DEBUG;
				SWIFT_OPTIMIZATION_LEVEL = "-Onone";
			};
			name = Debug;
		};
		6171974B1E75C3C8005B3E75 /* Release */ = {
			isa = XCBuildConfiguration;
			buildSettings = {
				ALWAYS_SEARCH_USER_PATHS = NO;
				CLANG_ANALYZER_NONNULL = YES;
				CLANG_CXX_LANGUAGE_STANDARD = "gnu++0x";
				CLANG_CXX_LIBRARY = "libc++";
				CLANG_ENABLE_MODULES = YES;
				CLANG_ENABLE_OBJC_ARC = YES;
				CLANG_WARN_BOOL_CONVERSION = YES;
				CLANG_WARN_CONSTANT_CONVERSION = YES;
				CLANG_WARN_DIRECT_OBJC_ISA_USAGE = YES_ERROR;
				CLANG_WARN_DOCUMENTATION_COMMENTS = YES;
				CLANG_WARN_EMPTY_BODY = YES;
				CLANG_WARN_ENUM_CONVERSION = YES;
				CLANG_WARN_INFINITE_RECURSION = YES;
				CLANG_WARN_INT_CONVERSION = YES;
				CLANG_WARN_OBJC_ROOT_CLASS = YES_ERROR;
				CLANG_WARN_SUSPICIOUS_MOVE = YES;
				CLANG_WARN_UNREACHABLE_CODE = YES;
				CLANG_WARN__DUPLICATE_METHOD_MATCH = YES;
				"CODE_SIGN_IDENTITY[sdk=iphoneos*]" = "iPhone Developer";
				COPY_PHASE_STRIP = NO;
				DEBUG_INFORMATION_FORMAT = "dwarf-with-dsym";
				ENABLE_NS_ASSERTIONS = NO;
				ENABLE_STRICT_OBJC_MSGSEND = YES;
				GCC_C_LANGUAGE_STANDARD = gnu99;
				GCC_NO_COMMON_BLOCKS = YES;
				GCC_WARN_64_TO_32_BIT_CONVERSION = YES;
				GCC_WARN_ABOUT_RETURN_TYPE = YES_ERROR;
				GCC_WARN_UNDECLARED_SELECTOR = YES;
				GCC_WARN_UNINITIALIZED_AUTOS = YES_AGGRESSIVE;
				GCC_WARN_UNUSED_FUNCTION = YES;
				GCC_WARN_UNUSED_VARIABLE = YES;
				IPHONEOS_DEPLOYMENT_TARGET = 10.2;
				MTL_ENABLE_DEBUG_INFO = NO;
				SDKROOT = iphoneos;
				SWIFT_OPTIMIZATION_LEVEL = "-Owholemodule";
				VALIDATE_PRODUCT = YES;
			};
			name = Release;
		};
		6171974D1E75C3C8005B3E75 /* Debug */ = {
			isa = XCBuildConfiguration;
			buildSettings = {
				ASSETCATALOG_COMPILER_APPICON_NAME = AppIcon;
				INFOPLIST_FILE = instagram/Info.plist;
				LD_RUNPATH_SEARCH_PATHS = "$(inherited) @executable_path/Frameworks";
				PRODUCT_BUNDLE_IDENTIFIER = SU.instagram;
				PRODUCT_NAME = "$(TARGET_NAME)";
				SWIFT_VERSION = 3.0;
			};
			name = Debug;
		};
		6171974E1E75C3C8005B3E75 /* Release */ = {
			isa = XCBuildConfiguration;
			buildSettings = {
				ASSETCATALOG_COMPILER_APPICON_NAME = AppIcon;
				INFOPLIST_FILE = instagram/Info.plist;
				LD_RUNPATH_SEARCH_PATHS = "$(inherited) @executable_path/Frameworks";
				PRODUCT_BUNDLE_IDENTIFIER = SU.instagram;
				PRODUCT_NAME = "$(TARGET_NAME)";
				SWIFT_VERSION = 3.0;
			};
			name = Release;
		};
		617197501E75C3C8005B3E75 /* Debug */ = {
			isa = XCBuildConfiguration;
			buildSettings = {
				ALWAYS_EMBED_SWIFT_STANDARD_LIBRARIES = YES;
				BUNDLE_LOADER = "$(TEST_HOST)";
				INFOPLIST_FILE = instagramTests/Info.plist;
				LD_RUNPATH_SEARCH_PATHS = "$(inherited) @executable_path/Frameworks @loader_path/Frameworks";
				PRODUCT_BUNDLE_IDENTIFIER = SU.instagramTests;
				PRODUCT_NAME = "$(TARGET_NAME)";
				SWIFT_VERSION = 3.0;
				TEST_HOST = "$(BUILT_PRODUCTS_DIR)/instagram.app/instagram";
			};
			name = Debug;
		};
		617197511E75C3C8005B3E75 /* Release */ = {
			isa = XCBuildConfiguration;
			buildSettings = {
				ALWAYS_EMBED_SWIFT_STANDARD_LIBRARIES = YES;
				BUNDLE_LOADER = "$(TEST_HOST)";
				INFOPLIST_FILE = instagramTests/Info.plist;
				LD_RUNPATH_SEARCH_PATHS = "$(inherited) @executable_path/Frameworks @loader_path/Frameworks";
				PRODUCT_BUNDLE_IDENTIFIER = SU.instagramTests;
				PRODUCT_NAME = "$(TARGET_NAME)";
				SWIFT_VERSION = 3.0;
				TEST_HOST = "$(BUILT_PRODUCTS_DIR)/instagram.app/instagram";
			};
			name = Release;
		};
		617197531E75C3C8005B3E75 /* Debug */ = {
			isa = XCBuildConfiguration;
			buildSettings = {
				ALWAYS_EMBED_SWIFT_STANDARD_LIBRARIES = YES;
				INFOPLIST_FILE = instagramUITests/Info.plist;
				LD_RUNPATH_SEARCH_PATHS = "$(inherited) @executable_path/Frameworks @loader_path/Frameworks";
				PRODUCT_BUNDLE_IDENTIFIER = SU.instagramUITests;
				PRODUCT_NAME = "$(TARGET_NAME)";
				SWIFT_VERSION = 3.0;
				TEST_TARGET_NAME = instagram;
			};
			name = Debug;
		};
		617197541E75C3C8005B3E75 /* Release */ = {
			isa = XCBuildConfiguration;
			buildSettings = {
				ALWAYS_EMBED_SWIFT_STANDARD_LIBRARIES = YES;
				INFOPLIST_FILE = instagramUITests/Info.plist;
				LD_RUNPATH_SEARCH_PATHS = "$(inherited) @executable_path/Frameworks @loader_path/Frameworks";
				PRODUCT_BUNDLE_IDENTIFIER = SU.instagramUITests;
				PRODUCT_NAME = "$(TARGET_NAME)";
				SWIFT_VERSION = 3.0;
				TEST_TARGET_NAME = instagram;
			};
			name = Release;
		};
/* End XCBuildConfiguration section */

/* Begin XCConfigurationList section */
		6171971F1E75C3C8005B3E75 /* Build configuration list for PBXProject "instagram" */ = {
			isa = XCConfigurationList;
			buildConfigurations = (
				6171974A1E75C3C8005B3E75 /* Debug */,
				6171974B1E75C3C8005B3E75 /* Release */,
			);
			defaultConfigurationIsVisible = 0;
			defaultConfigurationName = Release;
		};
		6171974C1E75C3C8005B3E75 /* Build configuration list for PBXNativeTarget "instagram" */ = {
			isa = XCConfigurationList;
			buildConfigurations = (
				6171974D1E75C3C8005B3E75 /* Debug */,
				6171974E1E75C3C8005B3E75 /* Release */,
			);
			defaultConfigurationIsVisible = 0;
		};
		6171974F1E75C3C8005B3E75 /* Build configuration list for PBXNativeTarget "instagramTests" */ = {
			isa = XCConfigurationList;
			buildConfigurations = (
				617197501E75C3C8005B3E75 /* Debug */,
				617197511E75C3C8005B3E75 /* Release */,
			);
			defaultConfigurationIsVisible = 0;
		};
		617197521E75C3C8005B3E75 /* Build configuration list for PBXNativeTarget "instagramUITests" */ = {
			isa = XCConfigurationList;
			buildConfigurations = (
				617197531E75C3C8005B3E75 /* Debug */,
				617197541E75C3C8005B3E75 /* Release */,
			);
			defaultConfigurationIsVisible = 0;
		};
/* End XCConfigurationList section */
	};
	rootObject = 6171971C1E75C3C8005B3E75 /* Project object */;
}
